
Microsoft Visual Studio Solution File, Format Version 12.00
# Visual Studio 15
VisualStudioVersion = 15.0.26124.0
MinimumVisualStudioVersion = 15.0.26124.0
Project("{FAE04EC0-301F-11D3-BF4B-00C04F79EFBC}") = "Domain", "Domain\Domain.csproj", "{8628F972-4241-4AB0-8C9A-F84A026FAA0A}"
EndProject
Project("{FAE04EC0-301F-11D3-BF4B-00C04F79EFBC}") = "Persistence", "Persistence\Persistence.csproj", "{E4FE75AB-B003-4447-A993-27CB4081E66A}"
EndProject
Project("{FAE04EC0-301F-11D3-BF4B-00C04F79EFBC}") = "API", "API\API.csproj", "{08E6F1F9-F643-4BC3-BA12-8651B0243AC9}"
EndProject
Project("{FAE04EC0-301F-11D3-BF4B-00C04F79EFBC}") = "Application", "Application\Application.csproj", "{869E0F69-D0BF-40B8-B472-9677AF0475DD}"
EndProject
Global
	GlobalSection(SolutionConfigurationPlatforms) = preSolution
		Debug|Any CPU = Debug|Any CPU
		Debug|x64 = Debug|x64
		Debug|x86 = Debug|x86
		Release|Any CPU = Release|Any CPU
		Release|x64 = Release|x64
		Release|x86 = Release|x86
	EndGlobalSection
	GlobalSection(SolutionProperties) = preSolution
		HideSolutionNode = FALSE
	EndGlobalSection
	GlobalSection(ProjectConfigurationPlatforms) = postSolution
		{8628F972-4241-4AB0-8C9A-F84A026FAA0A}.Debug|Any CPU.ActiveCfg = Debug|Any CPU
		{8628F972-4241-4AB0-8C9A-F84A026FAA0A}.Debug|Any CPU.Build.0 = Debug|Any CPU
		{8628F972-4241-4AB0-8C9A-F84A026FAA0A}.Debug|x64.ActiveCfg = Debug|Any CPU
		{8628F972-4241-4AB0-8C9A-F84A026FAA0A}.Debug|x64.Build.0 = Debug|Any CPU
		{8628F972-4241-4AB0-8C9A-F84A026FAA0A}.Debug|x86.ActiveCfg = Debug|Any CPU
		{8628F972-4241-4AB0-8C9A-F84A026FAA0A}.Debug|x86.Build.0 = Debug|Any CPU
		{8628F972-4241-4AB0-8C9A-F84A026FAA0A}.Release|Any CPU.ActiveCfg = Release|Any CPU
		{8628F972-4241-4AB0-8C9A-F84A026FAA0A}.Release|Any CPU.Build.0 = Release|Any CPU
		{8628F972-4241-4AB0-8C9A-F84A026FAA0A}.Release|x64.ActiveCfg = Release|Any CPU
		{8628F972-4241-4AB0-8C9A-F84A026FAA0A}.Release|x64.Build.0 = Release|Any CPU
		{8628F972-4241-4AB0-8C9A-F84A026FAA0A}.Release|x86.ActiveCfg = Release|Any CPU
		{8628F972-4241-4AB0-8C9A-F84A026FAA0A}.Release|x86.Build.0 = Release|Any CPU
		{E4FE75AB-B003-4447-A993-27CB4081E66A}.Debug|Any CPU.ActiveCfg = Debug|Any CPU
		{E4FE75AB-B003-4447-A993-27CB4081E66A}.Debug|Any CPU.Build.0 = Debug|Any CPU
		{E4FE75AB-B003-4447-A993-27CB4081E66A}.Debug|x64.ActiveCfg = Debug|Any CPU
		{E4FE75AB-B003-4447-A993-27CB4081E66A}.Debug|x64.Build.0 = Debug|Any CPU
		{E4FE75AB-B003-4447-A993-27CB4081E66A}.Debug|x86.ActiveCfg = Debug|Any CPU
		{E4FE75AB-B003-4447-A993-27CB4081E66A}.Debug|x86.Build.0 = Debug|Any CPU
		{E4FE75AB-B003-4447-A993-27CB4081E66A}.Release|Any CPU.ActiveCfg = Release|Any CPU
		{E4FE75AB-B003-4447-A993-27CB4081E66A}.Release|Any CPU.Build.0 = Release|Any CPU
		{E4FE75AB-B003-4447-A993-27CB4081E66A}.Release|x64.ActiveCfg = Release|Any CPU
		{E4FE75AB-B003-4447-A993-27CB4081E66A}.Release|x64.Build.0 = Release|Any CPU
		{E4FE75AB-B003-4447-A993-27CB4081E66A}.Release|x86.ActiveCfg = Release|Any CPU
		{E4FE75AB-B003-4447-A993-27CB4081E66A}.Release|x86.Build.0 = Release|Any CPU
		{08E6F1F9-F643-4BC3-BA12-8651B0243AC9}.Debug|Any CPU.ActiveCfg = Debug|Any CPU
		{08E6F1F9-F643-4BC3-BA12-8651B0243AC9}.Debug|Any CPU.Build.0 = Debug|Any CPU
		{08E6F1F9-F643-4BC3-BA12-8651B0243AC9}.Debug|x64.ActiveCfg = Debug|Any CPU
		{08E6F1F9-F643-4BC3-BA12-8651B0243AC9}.Debug|x64.Build.0 = Debug|Any CPU
		{08E6F1F9-F643-4BC3-BA12-8651B0243AC9}.Debug|x86.ActiveCfg = Debug|Any CPU
		{08E6F1F9-F643-4BC3-BA12-8651B0243AC9}.Debug|x86.Build.0 = Debug|Any CPU
		{08E6F1F9-F643-4BC3-BA12-8651B0243AC9}.Release|Any CPU.ActiveCfg = Release|Any CPU
		{08E6F1F9-F643-4BC3-BA12-8651B0243AC9}.Release|Any CPU.Build.0 = Release|Any CPU
		{08E6F1F9-F643-4BC3-BA12-8651B0243AC9}.Release|x64.ActiveCfg = Release|Any CPU
		{08E6F1F9-F643-4BC3-BA12-8651B0243AC9}.Release|x64.Build.0 = Release|Any CPU
		{08E6F1F9-F643-4BC3-BA12-8651B0243AC9}.Release|x86.ActiveCfg = Release|Any CPU
		{08E6F1F9-F643-4BC3-BA12-8651B0243AC9}.Release|x86.Build.0 = Release|Any CPU
		{869E0F69-D0BF-40B8-B472-9677AF0475DD}.Debug|Any CPU.ActiveCfg = Debug|Any CPU
		{869E0F69-D0BF-40B8-B472-9677AF0475DD}.Debug|Any CPU.Build.0 = Debug|Any CPU
		{869E0F69-D0BF-40B8-B472-9677AF0475DD}.Debug|x64.ActiveCfg = Debug|Any CPU
		{869E0F69-D0BF-40B8-B472-9677AF0475DD}.Debug|x64.Build.0 = Debug|Any CPU
		{869E0F69-D0BF-40B8-B472-9677AF0475DD}.Debug|x86.ActiveCfg = Debug|Any CPU
		{869E0F69-D0BF-40B8-B472-9677AF0475DD}.Debug|x86.Build.0 = Debug|Any CPU
		{869E0F69-D0BF-40B8-B472-9677AF0475DD}.Release|Any CPU.ActiveCfg = Release|Any CPU
		{869E0F69-D0BF-40B8-B472-9677AF0475DD}.Release|Any CPU.Build.0 = Release|Any CPU
		{869E0F69-D0BF-40B8-B472-9677AF0475DD}.Release|x64.ActiveCfg = Release|Any CPU
		{869E0F69-D0BF-40B8-B472-9677AF0475DD}.Release|x64.Build.0 = Release|Any CPU
		{869E0F69-D0BF-40B8-B472-9677AF0475DD}.Release|x86.ActiveCfg = Release|Any CPU
		{869E0F69-D0BF-40B8-B472-9677AF0475DD}.Release|x86.Build.0 = Release|Any CPU
	EndGlobalSection
EndGlobal
